
Microsoft Visual Studio Solution File, Format Version 12.00
# Visual Studio 15
VisualStudioVersion = 15.0.28010.2016
MinimumVisualStudioVersion = 10.0.40219.1
Project("{8BC9CEB8-8B4A-11D0-8D11-00A0C91BC942}") = "算法图解", "算法图解\算法图解.vcxproj", "{39B88F06-CD42-45E5-BF7E-90E641B0631D}"
EndProject
Global
	GlobalSection(SolutionConfigurationPlatforms) = preSolution
		Debug|x64 = Debug|x64
		Debug|x86 = Debug|x86
		Release|x64 = Release|x64
		Release|x86 = Release|x86
	EndGlobalSection
	GlobalSection(ProjectConfigurationPlatforms) = postSolution
		{39B88F06-CD42-45E5-BF7E-90E641B0631D}.Debug|x64.ActiveCfg = Debug|x64
		{39B88F06-CD42-45E5-BF7E-90E641B0631D}.Debug|x64.Build.0 = Debug|x64
		{39B88F06-CD42-45E5-BF7E-90E641B0631D}.Debug|x86.ActiveCfg = Debug|Win32
		{39B88F06-CD42-45E5-BF7E-90E641B0631D}.Debug|x86.Build.0 = Debug|Win32
		{39B88F06-CD42-45E5-BF7E-90E641B0631D}.Release|x64.ActiveCfg = Release|x64
		{39B88F06-CD42-45E5-BF7E-90E641B0631D}.Release|x64.Build.0 = Release|x64
		{39B88F06-CD42-45E5-BF7E-90E641B0631D}.Release|x86.ActiveCfg = Release|Win32
		{39B88F06-CD42-45E5-BF7E-90E641B0631D}.Release|x86.Build.0 = Release|Win32
	EndGlobalSection
	GlobalSection(SolutionProperties) = preSolution
		HideSolutionNode = FALSE
	EndGlobalSection
	GlobalSection(ExtensibilityGlobals) = postSolution
		SolutionGuid = {66F14B4B-C9EC-4095-B35F-16EEB2D71936}
	EndGlobalSection
EndGlobal
