
Microsoft Visual Studio Solution File, Format Version 12.00
# Visual Studio 15
VisualStudioVersion = 15.0.27703.2042
MinimumVisualStudioVersion = 10.0.40219.1
Project("{8BC9CEB8-8B4A-11D0-8D11-00A0C91BC942}") = "Project10", "Project10\Project10.vcxproj", "{C5A05F40-48A3-4749-941B-5FFC98D6B3CC}"
EndProject
Global
	GlobalSection(SolutionConfigurationPlatforms) = preSolution
		Debug|x64 = Debug|x64
		Debug|x86 = Debug|x86
		Release|x64 = Release|x64
		Release|x86 = Release|x86
	EndGlobalSection
	GlobalSection(ProjectConfigurationPlatforms) = postSolution
		{C5A05F40-48A3-4749-941B-5FFC98D6B3CC}.Debug|x64.ActiveCfg = Debug|x64
		{C5A05F40-48A3-4749-941B-5FFC98D6B3CC}.Debug|x64.Build.0 = Debug|x64
		{C5A05F40-48A3-4749-941B-5FFC98D6B3CC}.Debug|x86.ActiveCfg = Debug|Win32
		{C5A05F40-48A3-4749-941B-5FFC98D6B3CC}.Debug|x86.Build.0 = Debug|Win32
		{C5A05F40-48A3-4749-941B-5FFC98D6B3CC}.Release|x64.ActiveCfg = Release|x64
		{C5A05F40-48A3-4749-941B-5FFC98D6B3CC}.Release|x64.Build.0 = Release|x64
		{C5A05F40-48A3-4749-941B-5FFC98D6B3CC}.Release|x86.ActiveCfg = Release|Win32
		{C5A05F40-48A3-4749-941B-5FFC98D6B3CC}.Release|x86.Build.0 = Release|Win32
	EndGlobalSection
	GlobalSection(SolutionProperties) = preSolution
		HideSolutionNode = FALSE
	EndGlobalSection
	GlobalSection(ExtensibilityGlobals) = postSolution
		SolutionGuid = {FDA50B27-884C-4EBB-8285-F2EE04643F3D}
	EndGlobalSection
EndGlobal
